// !$*UTF8*$!
{
	archiveVersion = 1;
	classes = {
	};
	objectVersion = 77;
	objects = {

/* Begin PBXBuildFile section */
		1D39C25D2F53091000F39599 /* AppLog.swift in Sources */ = {isa = PBXBuildFile; fileRef = 1D39C25C2F53091000F39599 /* AppLog.swift */; };
		1D76960E2EDCAFD6008131E9 /* ARKit.framework in Frameworks */ = {isa = PBXBuildFile; fileRef = 1D76960A2EDC9A11008131E9 /* ARKit.framework */; platformFilters = (ios, xros, ); };
		1D7696112EDCAFD7008131E9 /* RealityKit.framework in Frameworks */ = {isa = PBXBuildFile; fileRef = 1D76960C2EDC9A25008131E9 /* RealityKit.framework */; };
		1D7696142EDCCA59008131E9 /* Metal.framework in Frameworks */ = {isa = PBXBuildFile; fileRef = 1D7696132EDCCA59008131E9 /* Metal.framework */; };
		1D7696162EDCCA70008131E9 /* MetalKit.framework in Frameworks */ = {isa = PBXBuildFile; fileRef = 1D7696152EDCCA70008131E9 /* MetalKit.framework */; };
		1D7696182EDCCA7F008131E9 /* CoreGraphics.framework in Frameworks */ = {isa = PBXBuildFile; fileRef = 1D7696172EDCCA7F008131E9 /* CoreGraphics.framework */; };
		1D76961A2EDCCA8C008131E9 /* CoreMotion.framework in Frameworks */ = {isa = PBXBuildFile; fileRef = 1D7696192EDCCA8C008131E9 /* CoreMotion.framework */; };
		1D76961C2EDCCA98008131E9 /* UIKit.framework in Frameworks */ = {isa = PBXBuildFile; fileRef = 1D76961B2EDCCA98008131E9 /* UIKit.framework */; platformFilters = (ios, xros, ); };
		1D76961E2EDCCAB1008131E9 /* Foundation.framework in Frameworks */ = {isa = PBXBuildFile; fileRef = 1D76961D2EDCCAB1008131E9 /* Foundation.framework */; };
		1DD34B3F2ED1F76F005608D0 /* Supabase in Frameworks */ = {isa = PBXBuildFile; productRef = 1DD34B3E2ED1F76F005608D0 /* Supabase */; };
		1DD34B412ED1F9C0005608D0 /* Auth in Frameworks */ = {isa = PBXBuildFile; productRef = 1DD34B402ED1F9C0005608D0 /* Auth */; };
		1DD34B432ED1F9C0005608D0 /* Functions in Frameworks */ = {isa = PBXBuildFile; productRef = 1DD34B422ED1F9C0005608D0 /* Functions */; };
		1DD34B452ED1F9C0005608D0 /* PostgREST in Frameworks */ = {isa = PBXBuildFile; productRef = 1DD34B442ED1F9C0005608D0 /* PostgREST */; };
		1DD34B472ED1F9C0005608D0 /* Realtime in Frameworks */ = {isa = PBXBuildFile; productRef = 1DD34B462ED1F9C0005608D0 /* Realtime */; };
		1DD34B492ED1F9C0005608D0 /* Storage in Frameworks */ = {isa = PBXBuildFile; productRef = 1DD34B482ED1F9C0005608D0 /* Storage */; };
		1E4B8A012F64000100AA0001 /* GoogleGenerativeAI in Frameworks */ = {isa = PBXBuildFile; productRef = 1E4B8A032F64000100AA0001 /* GoogleGenerativeAI */; };
		2E0A00012F8A000100AA0001 /* GRDB in Frameworks */ = {isa = PBXBuildFile; productRef = 2E0A00032F8A000100AA0001 /* GRDB */; };
		2F9C11012F70000100AA0001 /* MapLibre in Frameworks */ = {isa = PBXBuildFile; platformFilters = (ios, xros, ); productRef = 2F9C11032F70000100AA0001 /* MapLibre */; };
/* End PBXBuildFile section */

/* Begin PBXCopyFilesBuildPhase section */
		1DCE2DEA2ECDF07C00D6AE52 /* Embed Foundation Extensions */ = {
			isa = PBXCopyFilesBuildPhase;
			buildActionMask = 2147483647;
			dstPath = "";
			dstSubfolderSpec = 13;
			files = (
			);
			name = "Embed Foundation Extensions";
			runOnlyForDeploymentPostprocessing = 0;
		};
/* End PBXCopyFilesBuildPhase section */

/* Begin PBXFileReference section */
		1D39C25C2F53091000F39599 /* AppLog.swift */ = {isa = PBXFileReference; lastKnownFileType = sourcecode.swift; path = AppLog.swift; sourceTree = "<group>"; };
		1D76960A2EDC9A11008131E9 /* ARKit.framework */ = {isa = PBXFileReference; lastKnownFileType = wrapper.framework; name = ARKit.framework; path = Platforms/iPhoneOS.platform/Developer/SDKs/iPhoneOS18.5.sdk/System/Library/Frameworks/ARKit.framework; sourceTree = DEVELOPER_DIR; };
		1D76960C2EDC9A25008131E9 /* RealityKit.framework */ = {isa = PBXFileReference; lastKnownFileType = wrapper.framework; name = RealityKit.framework; path = Platforms/iPhoneOS.platform/Developer/SDKs/iPhoneOS18.5.sdk/System/Library/Frameworks/RealityKit.framework; sourceTree = DEVELOPER_DIR; };
		1D7696132EDCCA59008131E9 /* Metal.framework */ = {isa = PBXFileReference; lastKnownFileType = wrapper.framework; name = Metal.framework; path = Platforms/iPhoneOS.platform/Developer/SDKs/iPhoneOS18.5.sdk/System/Library/Frameworks/Metal.framework; sourceTree = DEVELOPER_DIR; };
		1D7696152EDCCA70008131E9 /* MetalKit.framework */ = {isa = PBXFileReference; lastKnownFileType = wrapper.framework; name = MetalKit.framework; path = Platforms/iPhoneOS.platform/Developer/SDKs/iPhoneOS18.5.sdk/System/Library/Frameworks/MetalKit.framework; sourceTree = DEVELOPER_DIR; };
		1D7696172EDCCA7F008131E9 /* CoreGraphics.framework */ = {isa = PBXFileReference; lastKnownFileType = wrapper.framework; name = CoreGraphics.framework; path = Platforms/iPhoneOS.platform/Developer/SDKs/iPhoneOS18.5.sdk/System/Library/Frameworks/CoreGraphics.framework; sourceTree = DEVELOPER_DIR; };
		1D7696192EDCCA8C008131E9 /* CoreMotion.framework */ = {isa = PBXFileReference; lastKnownFileType = wrapper.framework; name = CoreMotion.framework; path = Platforms/iPhoneOS.platform/Developer/SDKs/iPhoneOS18.5.sdk/System/Library/Frameworks/CoreMotion.framework; sourceTree = DEVELOPER_DIR; };
		1D76961B2EDCCA98008131E9 /* UIKit.framework */ = {isa = PBXFileReference; lastKnownFileType = wrapper.framework; name = UIKit.framework; path = Platforms/iPhoneOS.platform/Developer/SDKs/iPhoneOS18.5.sdk/System/Library/Frameworks/UIKit.framework; sourceTree = DEVELOPER_DIR; };
		1D76961D2EDCCAB1008131E9 /* Foundation.framework */ = {isa = PBXFileReference; lastKnownFileType = wrapper.framework; name = Foundation.framework; path = Platforms/iPhoneOS.platform/Developer/SDKs/iPhoneOS18.5.sdk/System/Library/Frameworks/Foundation.framework; sourceTree = DEVELOPER_DIR; };
		1D7EF80B2ECF6E0200E4E44C /* JardinForet.app */ = {isa = PBXFileReference; explicitFileType = wrapper.application; includeInIndex = 0; path = JardinForet.app; sourceTree = BUILT_PRODUCTS_DIR; };
/* End PBXFileReference section */

/* Begin PBXFileSystemSynchronizedBuildFileExceptionSet section */
		1D7EF8462ECFE6DA00E4E44C /* Exceptions for "JardinForet" folder in "JardinForet" target */ = {
			isa = PBXFileSystemSynchronizedBuildFileExceptionSet;
			membershipExceptions = (
				Config/Secrets.xcconfig,
				Config/Secrets.xcconfig.example,
				Info.plist,
			);
			target = 1DC4E6652ECA0B6000FA93E7 /* JardinForet */;
		};
/* End PBXFileSystemSynchronizedBuildFileExceptionSet section */

/* Begin PBXFileSystemSynchronizedRootGroup section */
		1DC4E6682ECA0B6000FA93E7 /* JardinForet */ = {
			isa = PBXFileSystemSynchronizedRootGroup;
			exceptions = (
				1D7EF8462ECFE6DA00E4E44C /* Exceptions for "JardinForet" folder in "JardinForet" target */,
			);
			path = JardinForet;
			sourceTree = "<group>";
		};
/* End PBXFileSystemSynchronizedRootGroup section */

/* Begin PBXFrameworksBuildPhase section */
		1DC4E6632ECA0B6000FA93E7 /* Frameworks */ = {
			isa = PBXFrameworksBuildPhase;
			buildActionMask = 2147483647;
			files = (
				1D7696142EDCCA59008131E9 /* Metal.framework in Frameworks */,
				1DD34B492ED1F9C0005608D0 /* Storage in Frameworks */,
				1DD34B452ED1F9C0005608D0 /* PostgREST in Frameworks */,
				1D7696162EDCCA70008131E9 /* MetalKit.framework in Frameworks */,
				1D7696112EDCAFD7008131E9 /* RealityKit.framework in Frameworks */,
				1D76961E2EDCCAB1008131E9 /* Foundation.framework in Frameworks */,
				1DD34B432ED1F9C0005608D0 /* Functions in Frameworks */,
				1DD34B412ED1F9C0005608D0 /* Auth in Frameworks */,
				1D76961A2EDCCA8C008131E9 /* CoreMotion.framework in Frameworks */,
				1D76961C2EDCCA98008131E9 /* UIKit.framework in Frameworks */,
				1DD34B472ED1F9C0005608D0 /* Realtime in Frameworks */,
				1D76960E2EDCAFD6008131E9 /* ARKit.framework in Frameworks */,
				1D7696182EDCCA7F008131E9 /* CoreGraphics.framework in Frameworks */,
				1DD34B3F2ED1F76F005608D0 /* Supabase in Frameworks */,
				1E4B8A012F64000100AA0001 /* GoogleGenerativeAI in Frameworks */,
				2E0A00012F8A000100AA0001 /* GRDB in Frameworks */,
				2F9C11012F70000100AA0001 /* MapLibre in Frameworks */,
			);
			runOnlyForDeploymentPostprocessing = 0;
		};
/* End PBXFrameworksBuildPhase section */

/* Begin PBXGroup section */
		1DC4E65D2ECA0B6000FA93E7 = {
			isa = PBXGroup;
			children = (
				1DC4E6682ECA0B6000FA93E7 /* JardinForet */,
				1D7EF80B2ECF6E0200E4E44C /* JardinForet.app */,
				1DD34B3D2ED1F76F005608D0 /* Frameworks */,
				1D39C25C2F53091000F39599 /* AppLog.swift */,
			);
			sourceTree = "<group>";
		};
		1DD34B3D2ED1F76F005608D0 /* Frameworks */ = {
			isa = PBXGroup;
			children = (
				1D76961D2EDCCAB1008131E9 /* Foundation.framework */,
				1D76961B2EDCCA98008131E9 /* UIKit.framework */,
				1D7696192EDCCA8C008131E9 /* CoreMotion.framework */,
				1D7696172EDCCA7F008131E9 /* CoreGraphics.framework */,
				1D7696152EDCCA70008131E9 /* MetalKit.framework */,
				1D7696132EDCCA59008131E9 /* Metal.framework */,
				1D76960C2EDC9A25008131E9 /* RealityKit.framework */,
				1D76960A2EDC9A11008131E9 /* ARKit.framework */,
			);
			name = Frameworks;
			sourceTree = "<group>";
		};
/* End PBXGroup section */

/* Begin PBXNativeTarget section */
		1DC4E6652ECA0B6000FA93E7 /* JardinForet */ = {
			isa = PBXNativeTarget;
			buildConfigurationList = 1DC4E6722ECA0B6200FA93E7 /* Build configuration list for PBXNativeTarget "JardinForet" */;
			buildPhases = (
				1F2C9A4B2F9A100100AA0001 /* ShellScript */,
				1F2C9A4C2F9A100100AA0002 /* ShellScript */,
				1DC4E6622ECA0B6000FA93E7 /* Sources */,
				1DC4E6632ECA0B6000FA93E7 /* Frameworks */,
				1DC4E6642ECA0B6000FA93E7 /* Resources */,
				1DCE2DEA2ECDF07C00D6AE52 /* Embed Foundation Extensions */,
			);
			buildRules = (
			);
			dependencies = (
			);
			fileSystemSynchronizedGroups = (
				1DC4E6682ECA0B6000FA93E7 /* JardinForet */,
			);
			name = JardinForet;
			packageProductDependencies = (
				1DD34B3E2ED1F76F005608D0 /* Supabase */,
				1DD34B402ED1F9C0005608D0 /* Auth */,
				1DD34B422ED1F9C0005608D0 /* Functions */,
				1DD34B442ED1F9C0005608D0 /* PostgREST */,
				1DD34B462ED1F9C0005608D0 /* Realtime */,
				1DD34B482ED1F9C0005608D0 /* Storage */,
				1E4B8A032F64000100AA0001 /* GoogleGenerativeAI */,
				2E0A00032F8A000100AA0001 /* GRDB */,
				2F9C11032F70000100AA0001 /* MapLibre */,
			);
			productName = JardinForet;
			productReference = 1D7EF80B2ECF6E0200E4E44C /* JardinForet.app */;
			productType = "com.apple.product-type.application";
		};
/* End PBXNativeTarget section */

/* Begin PBXProject section */
		1DC4E65E2ECA0B6000FA93E7 /* Project object */ = {
			isa = PBXProject;
			attributes = {
				BuildIndependentTargetsInParallel = 1;
				LastSwiftUpdateCheck = 2630;
				LastUpgradeCheck = 2630;
				TargetAttributes = {
					1DC4E6652ECA0B6000FA93E7 = {
						CreatedOnToolsVersion = 16.4;
					};
				};
			};
			buildConfigurationList = 1DC4E6612ECA0B6000FA93E7 /* Build configuration list for PBXProject "JardinForet" */;
			developmentRegion = en;
			hasScannedForEncodings = 0;
			knownRegions = (
				en,
				Base,
			);
			mainGroup = 1DC4E65D2ECA0B6000FA93E7;
			minimizedProjectReferenceProxies = 1;
			packageReferences = (
				1DD34B322ED1F553005608D0 /* XCRemoteSwiftPackageReference "supabase-swift" */,
				1E4B8A022F64000100AA0001 /* XCRemoteSwiftPackageReference "generative-ai-swift" */,
				2E0A00022F8A000100AA0001 /* XCRemoteSwiftPackageReference "GRDB" */,
				2F9C11022F70000100AA0001 /* XCRemoteSwiftPackageReference "maplibre-native-distribution" */,
			);
			preferredProjectObjectVersion = 77;
			productRefGroup = 1DC4E65D2ECA0B6000FA93E7;
			projectDirPath = "";
			projectRoot = "";
			targets = (
				1DC4E6652ECA0B6000FA93E7 /* JardinForet */,
			);
		};
/* End PBXProject section */

/* Begin PBXResourcesBuildPhase section */
		1DC4E6642ECA0B6000FA93E7 /* Resources */ = {
			isa = PBXResourcesBuildPhase;
			buildActionMask = 2147483647;
			files = (
			);
			runOnlyForDeploymentPostprocessing = 0;
		};
/* End PBXResourcesBuildPhase section */

/* Begin PBXShellScriptBuildPhase section */
		1F2C9A4B2F9A100100AA0001 /* ShellScript */ = {
			isa = PBXShellScriptBuildPhase;
			alwaysOutOfDate = 1;
			buildActionMask = 2147483647;
			files = (
			);
			inputFileListPaths = (
			);
			inputPaths = (
			);
			outputFileListPaths = (
			);
			outputPaths = (
			);
			runOnlyForDeploymentPostprocessing = 0;
			shellPath = /bin/sh;
			shellScript = "ROOT=\"${SRCROOT}/JardinForet/View\"\nPATTERN=\"GardenDatabase|GRDB|DatabaseQueue|DatabasePool\"\nif /usr/bin/grep -R -n -E \"$PATTERN\" \"$ROOT\"; then\n  echo \"ERROR: Views must not reference database layer types. Use GardenStore only.\"\n  exit 1\nfi\n";
		};
		1F2C9A4C2F9A100100AA0002 /* ShellScript */ = {
			isa = PBXShellScriptBuildPhase;
			alwaysOutOfDate = 1;
			buildActionMask = 2147483647;
			files = (
			);
			inputFileListPaths = (
			);
			inputPaths = (
				"$(SRCROOT)/.swiftlint.yml",
			);
			outputFileListPaths = (
			);
			outputPaths = (
			);
			runOnlyForDeploymentPostprocessing = 0;
			shellPath = /bin/sh;
			shellScript = "if [ \"${SWIFTLINT_DISABLED}\" = \"1\" ]; then\n  exit 0\nfi\nif command -v swiftlint >/dev/null 2>&1; then\n  swiftlint --quiet --config \"${SRCROOT}/.swiftlint.yml\"\nelse\n  echo \"warning: SwiftLint not installed. Run: brew install swiftlint\"\nfi\n";
		};
/* End PBXShellScriptBuildPhase section */

/* Begin PBXSourcesBuildPhase section */
		1DC4E6622ECA0B6000FA93E7 /* Sources */ = {
			isa = PBXSourcesBuildPhase;
			buildActionMask = 2147483647;
			files = (
				1D39C25D2F53091000F39599 /* AppLog.swift in Sources */,
			);
			runOnlyForDeploymentPostprocessing = 0;
		};
/* End PBXSourcesBuildPhase section */

/* Begin XCBuildConfiguration section */
		1DC4E6702ECA0B6200FA93E7 /* Debug */ = {
			isa = XCBuildConfiguration;
			buildSettings = {
				ALWAYS_SEARCH_USER_PATHS = NO;
				ASSETCATALOG_COMPILER_GENERATE_SWIFT_ASSET_SYMBOL_EXTENSIONS = YES;
				BUILD_LIBRARY_FOR_DISTRIBUTION = NO;
				CLANG_ANALYZER_LOCALIZABILITY_NONLOCALIZED = YES;
				CLANG_ANALYZER_NONNULL = YES;
				CLANG_ANALYZER_NUMBER_OBJECT_CONVERSION = YES_AGGRESSIVE;
				CLANG_ANALYZER_SECURITY_FLOATLOOPCOUNTER = YES;
				CLANG_ANALYZER_SECURITY_INSECUREAPI = YES;
				CLANG_CXX_LANGUAGE_STANDARD = "gnu++20";
				CLANG_ENABLE_MODULES = YES;
				CLANG_ENABLE_OBJC_ARC = YES;
				CLANG_ENABLE_OBJC_WEAK = YES;
				CLANG_WARN_BLOCK_CAPTURE_AUTORELEASING = YES;
				CLANG_WARN_BOOL_CONVERSION = YES;
				CLANG_WARN_COMMA = YES;
				CLANG_WARN_CONSTANT_CONVERSION = YES;
				CLANG_WARN_DEPRECATED_OBJC_IMPLEMENTATIONS = YES;
				CLANG_WARN_DIRECT_OBJC_ISA_USAGE = YES_ERROR;
				CLANG_WARN_DOCUMENTATION_COMMENTS = YES;
				CLANG_WARN_EMPTY_BODY = YES;
				CLANG_WARN_ENUM_CONVERSION = YES;
				CLANG_WARN_INFINITE_RECURSION = YES;
				CLANG_WARN_INT_CONVERSION = YES;
				CLANG_WARN_NON_LITERAL_NULL_CONVERSION = YES;
				CLANG_WARN_OBJC_IMPLICIT_RETAIN_SELF = YES;
				CLANG_WARN_OBJC_LITERAL_CONVERSION = YES;
				CLANG_WARN_OBJC_ROOT_CLASS = YES_ERROR;
				CLANG_WARN_QUOTED_INCLUDE_IN_FRAMEWORK_HEADER = YES;
				CLANG_WARN_RANGE_LOOP_ANALYSIS = YES;
				CLANG_WARN_STRICT_PROTOTYPES = YES;
				CLANG_WARN_SUSPICIOUS_MOVE = YES;
				CLANG_WARN_UNGUARDED_AVAILABILITY = YES_AGGRESSIVE;
				CLANG_WARN_UNREACHABLE_CODE = YES;
				CLANG_WARN__DUPLICATE_METHOD_MATCH = YES;
				COPY_PHASE_STRIP = NO;
				DEAD_CODE_STRIPPING = YES;
				DEBUG_INFORMATION_FORMAT = dwarf;
				DEVELOPMENT_TEAM = 78N636X83K;
				ENABLE_STRICT_OBJC_MSGSEND = YES;
				ENABLE_TESTABILITY = YES;
				ENABLE_USER_SCRIPT_SANDBOXING = YES;
				GCC_C_LANGUAGE_STANDARD = gnu17;
				GCC_DYNAMIC_NO_PIC = NO;
				GCC_NO_COMMON_BLOCKS = YES;
				GCC_OPTIMIZATION_LEVEL = 0;
				GCC_PREPROCESSOR_DEFINITIONS = (
					"DEBUG=1",
					"$(inherited)",
				);
				GCC_TREAT_WARNINGS_AS_ERRORS = YES;
				GCC_WARN_64_TO_32_BIT_CONVERSION = YES;
				GCC_WARN_ABOUT_RETURN_TYPE = YES_ERROR;
				GCC_WARN_UNDECLARED_SELECTOR = YES;
				GCC_WARN_UNINITIALIZED_AUTOS = YES_AGGRESSIVE;
				GCC_WARN_UNUSED_FUNCTION = YES;
				GCC_WARN_UNUSED_VARIABLE = YES;
				INFOPLIST_KEY_MetalCaptureEnabled = YES;
				INFOPLIST_KEY_NSCameraUsageDescription = toto;
				LOCALIZATION_PREFERS_STRING_CATALOGS = YES;
				MTL_ENABLE_DEBUG_INFO = INCLUDE_SOURCE;
				MTL_FAST_MATH = YES;
				ONLY_ACTIVE_ARCH = YES;
				STRING_CATALOG_GENERATE_SYMBOLS = YES;
				SWIFT_ACTIVE_COMPILATION_CONDITIONS = "DEBUG $(inherited)";
				SWIFT_OPTIMIZATION_LEVEL = "-Onone";
				SWIFT_TREAT_WARNINGS_AS_ERRORS = YES;
			};
			name = Debug;
		};
		1DC4E6712ECA0B6200FA93E7 /* Release */ = {
			isa = XCBuildConfiguration;
			buildSettings = {
				ALWAYS_SEARCH_USER_PATHS = NO;
				ASSETCATALOG_COMPILER_GENERATE_SWIFT_ASSET_SYMBOL_EXTENSIONS = YES;
				BUILD_LIBRARY_FOR_DISTRIBUTION = NO;
				CLANG_ANALYZER_LOCALIZABILITY_NONLOCALIZED = YES;
				CLANG_ANALYZER_NONNULL = YES;
				CLANG_ANALYZER_NUMBER_OBJECT_CONVERSION = YES_AGGRESSIVE;
				CLANG_ANALYZER_SECURITY_FLOATLOOPCOUNTER = YES;
				CLANG_ANALYZER_SECURITY_INSECUREAPI = YES;
				CLANG_CXX_LANGUAGE_STANDARD = "gnu++20";
				CLANG_ENABLE_MODULES = YES;
				CLANG_ENABLE_OBJC_ARC = YES;
				CLANG_ENABLE_OBJC_WEAK = YES;
				CLANG_WARN_BLOCK_CAPTURE_AUTORELEASING = YES;
				CLANG_WARN_BOOL_CONVERSION = YES;
				CLANG_WARN_COMMA = YES;
				CLANG_WARN_CONSTANT_CONVERSION = YES;
				CLANG_WARN_DEPRECATED_OBJC_IMPLEMENTATIONS = YES;
				CLANG_WARN_DIRECT_OBJC_ISA_USAGE = YES_ERROR;
				CLANG_WARN_DOCUMENTATION_COMMENTS = YES;
				CLANG_WARN_EMPTY_BODY = YES;
				CLANG_WARN_ENUM_CONVERSION = YES;
				CLANG_WARN_INFINITE_RECURSION = YES;
				CLANG_WARN_INT_CONVERSION = YES;
				CLANG_WARN_NON_LITERAL_NULL_CONVERSION = YES;
				CLANG_WARN_OBJC_IMPLICIT_RETAIN_SELF = YES;
				CLANG_WARN_OBJC_LITERAL_CONVERSION = YES;
				CLANG_WARN_OBJC_ROOT_CLASS = YES_ERROR;
				CLANG_WARN_QUOTED_INCLUDE_IN_FRAMEWORK_HEADER = YES;
				CLANG_WARN_RANGE_LOOP_ANALYSIS = YES;
				CLANG_WARN_STRICT_PROTOTYPES = YES;
				CLANG_WARN_SUSPICIOUS_MOVE = YES;
				CLANG_WARN_UNGUARDED_AVAILABILITY = YES_AGGRESSIVE;
				CLANG_WARN_UNREACHABLE_CODE = YES;
				CLANG_WARN__DUPLICATE_METHOD_MATCH = YES;
				COPY_PHASE_STRIP = NO;
				DEAD_CODE_STRIPPING = YES;
				DEBUG_INFORMATION_FORMAT = "dwarf-with-dsym";
				DEVELOPMENT_TEAM = 78N636X83K;
				ENABLE_NS_ASSERTIONS = NO;
				ENABLE_STRICT_OBJC_MSGSEND = YES;
				ENABLE_USER_SCRIPT_SANDBOXING = YES;
				GCC_C_LANGUAGE_STANDARD = gnu17;
				GCC_NO_COMMON_BLOCKS = YES;
				GCC_TREAT_WARNINGS_AS_ERRORS = YES;
				GCC_WARN_64_TO_32_BIT_CONVERSION = YES;
				GCC_WARN_ABOUT_RETURN_TYPE = YES_ERROR;
				GCC_WARN_UNDECLARED_SELECTOR = YES;
				GCC_WARN_UNINITIALIZED_AUTOS = YES_AGGRESSIVE;
				GCC_WARN_UNUSED_FUNCTION = YES;
				GCC_WARN_UNUSED_VARIABLE = YES;
				INFOPLIST_KEY_MetalCaptureEnabled = YES;
				INFOPLIST_KEY_NSCameraUsageDescription = toto;
				LOCALIZATION_PREFERS_STRING_CATALOGS = YES;
				MTL_ENABLE_DEBUG_INFO = NO;
				MTL_FAST_MATH = YES;
				STRING_CATALOG_GENERATE_SYMBOLS = YES;
				SWIFT_COMPILATION_MODE = wholemodule;
				SWIFT_TREAT_WARNINGS_AS_ERRORS = YES;
			};
			name = Release;
		};
		1DC4E6732ECA0B6200FA93E7 /* Debug */ = {
			isa = XCBuildConfiguration;
			buildSettings = {
				ASSETCATALOG_COMPILER_APPICON_NAME = AppIcon;
				"ASSETCATALOG_COMPILER_APPICON_NAME[sdk=iphoneos*]" = AppIcon;
				ASSETCATALOG_COMPILER_GLOBAL_ACCENT_COLOR_NAME = AccentColor;
				ASSETCATALOG_COMPILER_INCLUDE_ALL_APPICON_ASSETS = YES;
				CODE_SIGN_ENTITLEMENTS = JardinForet/JardinForet.entitlements;
				"CODE_SIGN_IDENTITY[sdk=macosx*]" = "-";
				CODE_SIGN_STYLE = Automatic;
				CURRENT_PROJECT_VERSION = 1;
				DEAD_CODE_STRIPPING = YES;
				DEVELOPMENT_TEAM = 78N636X83K;
				ENABLE_APP_SANDBOX = YES;
				ENABLE_CODE_COVERAGE = YES;
				ENABLE_HARDENED_RUNTIME = YES;
				ENABLE_INCOMING_NETWORK_CONNECTIONS = YES;
				ENABLE_OUTGOING_NETWORK_CONNECTIONS = YES;
				ENABLE_PREVIEWS = YES;
				ENABLE_RESOURCE_ACCESS_LOCATION = YES;
				ENABLE_USER_SELECTED_FILES = readonly;
				GENERATE_INFOPLIST_FILE = YES;
				INFOPLIST_FILE = JardinForet/Info.plist;
				INFOPLIST_KEY_CFBundleDisplayName = "Jardin Forêt";
				INFOPLIST_KEY_MetalCaptureEnabled = YES;
				INFOPLIST_KEY_NSCameraUsageDescription = toto;
				INFOPLIST_KEY_NSContactsUsageDescription = "Utilisé uniquement pour associer des contacts aux observations du jardin si vous activez cette fonctionnalité.";
				INFOPLIST_KEY_NSLocationWhenInUseUsageDescription = test;
				"INFOPLIST_KEY_UIApplicationSceneManifest_Generation[sdk=iphoneos*]" = YES;
				"INFOPLIST_KEY_UIApplicationSceneManifest_Generation[sdk=iphonesimulator*]" = YES;
				"INFOPLIST_KEY_UIApplicationSupportsIndirectInputEvents[sdk=iphoneos*]" = YES;
				"INFOPLIST_KEY_UIApplicationSupportsIndirectInputEvents[sdk=iphonesimulator*]" = YES;
				"INFOPLIST_KEY_UILaunchScreen_Generation[sdk=iphoneos*]" = YES;
				"INFOPLIST_KEY_UILaunchScreen_Generation[sdk=iphonesimulator*]" = YES;
				"INFOPLIST_KEY_UIStatusBarStyle[sdk=iphoneos*]" = UIStatusBarStyleDefault;
				"INFOPLIST_KEY_UIStatusBarStyle[sdk=iphonesimulator*]" = UIStatusBarStyleDefault;
				INFOPLIST_KEY_UISupportedInterfaceOrientations_iPad = "UIInterfaceOrientationPortrait UIInterfaceOrientationPortraitUpsideDown UIInterfaceOrientationLandscapeLeft UIInterfaceOrientationLandscapeRight";
				INFOPLIST_KEY_UISupportedInterfaceOrientations_iPhone = "UIInterfaceOrientationPortrait UIInterfaceOrientationLandscapeLeft UIInterfaceOrientationLandscapeRight";
				IPHONEOS_DEPLOYMENT_TARGET = 18.5;
				L = "";
				LD_RUNPATH_SEARCH_PATHS = "@executable_path/Frameworks";
				"LD_RUNPATH_SEARCH_PATHS[sdk=macosx*]" = "@executable_path/../Frameworks";
				MACOSX_DEPLOYMENT_TARGET = 15.5;
				MARKETING_VERSION = 1.0;
				PRODUCT_BUNDLE_IDENTIFIER = julienlambert.JardinForet;
				PRODUCT_NAME = "$(TARGET_NAME)";
				REGISTER_APP_GROUPS = YES;
				SDKROOT = auto;
				SUPABASE_ANON_KEY = eyJhbGciOiJIUzI1NiIsInR5cCI6IkpXVCJ9.eyJpc3MiOiJzdXBhYmFzZSIsInJlZiI6ImducXFjcXh5d2ltb212c2JzcHJyIiwicm9sZSI6ImFub24iLCJpYXQiOjE3NzI2OTc3OTIsImV4cCI6MjA4ODI3Mzc5Mn0.lna5AqY5iR7B5uqh2txy3K0MxW6bjVx9Jo8b81NgTKA;
				SUPABASE_PROJECT_REF = gnqqcqxywimomvsbsprr;
				SUPABASE_REDIRECT_URL = "jardinforet://auth/callback";
				SUPABASE_URL = "https://gnqqcqxywimomvsbsprr.supabase.co";
				SUPPORTED_PLATFORMS = "iphoneos iphonesimulator macosx xros xrsimulator";
				SWIFT_EMIT_LOC_STRINGS = YES;
				SWIFT_TREAT_WARNINGS_AS_ERRORS = YES;
				SWIFT_VERSION = 5.0;
				TARGETED_DEVICE_FAMILY = "1,2,7";
				XROS_DEPLOYMENT_TARGET = 2.5;
			};
			name = Debug;
		};
		1DC4E6742ECA0B6200FA93E7 /* Release */ = {
			isa = XCBuildConfiguration;
			buildSettings = {
				ASSETCATALOG_COMPILER_APPICON_NAME = AppIcon;
				"ASSETCATALOG_COMPILER_APPICON_NAME[sdk=iphoneos*]" = AppIcon;
				ASSETCATALOG_COMPILER_GLOBAL_ACCENT_COLOR_NAME = AccentColor;
				ASSETCATALOG_COMPILER_INCLUDE_ALL_APPICON_ASSETS = YES;
				CODE_SIGN_ENTITLEMENTS = JardinForet/JardinForet.entitlements;
				"CODE_SIGN_IDENTITY[sdk=macosx*]" = "-";
				CODE_SIGN_STYLE = Automatic;
				CURRENT_PROJECT_VERSION = 1;
				DEAD_CODE_STRIPPING = YES;
				DEVELOPMENT_TEAM = 78N636X83K;
				ENABLE_APP_SANDBOX = YES;
				ENABLE_HARDENED_RUNTIME = YES;
				ENABLE_INCOMING_NETWORK_CONNECTIONS = YES;
				ENABLE_OUTGOING_NETWORK_CONNECTIONS = YES;
				ENABLE_PREVIEWS = YES;
				ENABLE_RESOURCE_ACCESS_LOCATION = YES;
				ENABLE_USER_SELECTED_FILES = readonly;
				GENERATE_INFOPLIST_FILE = YES;
				INFOPLIST_FILE = JardinForet/Info.plist;
				INFOPLIST_KEY_CFBundleDisplayName = "Jardin Forêt";
				INFOPLIST_KEY_MetalCaptureEnabled = YES;
				INFOPLIST_KEY_NSCameraUsageDescription = toto;
				INFOPLIST_KEY_NSContactsUsageDescription = "Utilisé uniquement pour associer des contacts aux observations du jardin si vous activez cette fonctionnalité.";
				INFOPLIST_KEY_NSLocationWhenInUseUsageDescription = test;
				"INFOPLIST_KEY_UIApplicationSceneManifest_Generation[sdk=iphoneos*]" = YES;
				"INFOPLIST_KEY_UIApplicationSceneManifest_Generation[sdk=iphonesimulator*]" = YES;
				"INFOPLIST_KEY_UIApplicationSupportsIndirectInputEvents[sdk=iphoneos*]" = YES;
				"INFOPLIST_KEY_UIApplicationSupportsIndirectInputEvents[sdk=iphonesimulator*]" = YES;
				"INFOPLIST_KEY_UILaunchScreen_Generation[sdk=iphoneos*]" = YES;
				"INFOPLIST_KEY_UILaunchScreen_Generation[sdk=iphonesimulator*]" = YES;
				"INFOPLIST_KEY_UIStatusBarStyle[sdk=iphoneos*]" = UIStatusBarStyleDefault;
				"INFOPLIST_KEY_UIStatusBarStyle[sdk=iphonesimulator*]" = UIStatusBarStyleDefault;
				INFOPLIST_KEY_UISupportedInterfaceOrientations_iPad = "UIInterfaceOrientationPortrait UIInterfaceOrientationPortraitUpsideDown UIInterfaceOrientationLandscapeLeft UIInterfaceOrientationLandscapeRight";
				INFOPLIST_KEY_UISupportedInterfaceOrientations_iPhone = "UIInterfaceOrientationPortrait UIInterfaceOrientationLandscapeLeft UIInterfaceOrientationLandscapeRight";
				IPHONEOS_DEPLOYMENT_TARGET = 18.5;
				L = "";
				LD_RUNPATH_SEARCH_PATHS = "@executable_path/Frameworks";
				"LD_RUNPATH_SEARCH_PATHS[sdk=macosx*]" = "@executable_path/../Frameworks";
				MACOSX_DEPLOYMENT_TARGET = 15.5;
				MARKETING_VERSION = 1.0;
				PRODUCT_BUNDLE_IDENTIFIER = julienlambert.JardinForet;
				PRODUCT_NAME = "$(TARGET_NAME)";
				REGISTER_APP_GROUPS = YES;
				SDKROOT = auto;
				SUPABASE_ANON_KEY = eyJhbGciOiJIUzI1NiIsInR5cCI6IkpXVCJ9.eyJpc3MiOiJzdXBhYmFzZSIsInJlZiI6ImducXFjcXh5d2ltb212c2JzcHJyIiwicm9sZSI6ImFub24iLCJpYXQiOjE3NzI2OTc3OTIsImV4cCI6MjA4ODI3Mzc5Mn0.lna5AqY5iR7B5uqh2txy3K0MxW6bjVx9Jo8b81NgTKA;
				SUPABASE_PROJECT_REF = gnqqcqxywimomvsbsprr;
				SUPABASE_REDIRECT_URL = "jardinforet://auth/callback";
				SUPABASE_URL = "https://gnqqcqxywimomvsbsprr.supabase.co";
				SUPPORTED_PLATFORMS = "iphoneos iphonesimulator macosx xros xrsimulator";
				SWIFT_EMIT_LOC_STRINGS = YES;
				SWIFT_TREAT_WARNINGS_AS_ERRORS = YES;
				SWIFT_VERSION = 5.0;
				TARGETED_DEVICE_FAMILY = "1,2,7";
				XROS_DEPLOYMENT_TARGET = 2.5;
			};
			name = Release;
		};
/* End XCBuildConfiguration section */

/* Begin XCConfigurationList section */
		1DC4E6612ECA0B6000FA93E7 /* Build configuration list for PBXProject "JardinForet" */ = {
			isa = XCConfigurationList;
			buildConfigurations = (
				1DC4E6702ECA0B6200FA93E7 /* Debug */,
				1DC4E6712ECA0B6200FA93E7 /* Release */,
			);
			defaultConfigurationIsVisible = 0;
			defaultConfigurationName = Release;
		};
		1DC4E6722ECA0B6200FA93E7 /* Build configuration list for PBXNativeTarget "JardinForet" */ = {
			isa = XCConfigurationList;
			buildConfigurations = (
				1DC4E6732ECA0B6200FA93E7 /* Debug */,
				1DC4E6742ECA0B6200FA93E7 /* Release */,
			);
			defaultConfigurationIsVisible = 0;
			defaultConfigurationName = Release;
		};
/* End XCConfigurationList section */

/* Begin XCRemoteSwiftPackageReference section */
		1DD34B322ED1F553005608D0 /* XCRemoteSwiftPackageReference "supabase-swift" */ = {
			isa = XCRemoteSwiftPackageReference;
			repositoryURL = "https://github.com/supabase-community/supabase-swift";
			requirement = {
				kind = upToNextMajorVersion;
				minimumVersion = 2.5.1;
			};
		};
		1E4B8A022F64000100AA0001 /* XCRemoteSwiftPackageReference "generative-ai-swift" */ = {
			isa = XCRemoteSwiftPackageReference;
			repositoryURL = "https://github.com/google/generative-ai-swift";
			requirement = {
				branch = main;
				kind = branch;
			};
		};
		2E0A00022F8A000100AA0001 /* XCRemoteSwiftPackageReference "GRDB" */ = {
			isa = XCRemoteSwiftPackageReference;
			repositoryURL = "https://github.com/groue/GRDB.swift";
			requirement = {
				kind = upToNextMajorVersion;
				minimumVersion = 6.0.0;
			};
		};
		2F9C11022F70000100AA0001 /* XCRemoteSwiftPackageReference "maplibre-native-distribution" */ = {
			isa = XCRemoteSwiftPackageReference;
			repositoryURL = "https://github.com/maplibre/maplibre-native-distribution";
			requirement = {
				kind = upToNextMajorVersion;
				minimumVersion = 6.0.0;
			};
		};
/* End XCRemoteSwiftPackageReference section */

/* Begin XCSwiftPackageProductDependency section */
		1DD34B3E2ED1F76F005608D0 /* Supabase */ = {
			isa = XCSwiftPackageProductDependency;
			package = 1DD34B322ED1F553005608D0 /* XCRemoteSwiftPackageReference "supabase-swift" */;
			productName = Supabase;
		};
		1DD34B402ED1F9C0005608D0 /* Auth */ = {
			isa = XCSwiftPackageProductDependency;
			package = 1DD34B322ED1F553005608D0 /* XCRemoteSwiftPackageReference "supabase-swift" */;
			productName = Auth;
		};
		1DD34B422ED1F9C0005608D0 /* Functions */ = {
			isa = XCSwiftPackageProductDependency;
			package = 1DD34B322ED1F553005608D0 /* XCRemoteSwiftPackageReference "supabase-swift" */;
			productName = Functions;
		};
		1DD34B442ED1F9C0005608D0 /* PostgREST */ = {
			isa = XCSwiftPackageProductDependency;
			package = 1DD34B322ED1F553005608D0 /* XCRemoteSwiftPackageReference "supabase-swift" */;
			productName = PostgREST;
		};
		1DD34B462ED1F9C0005608D0 /* Realtime */ = {
			isa = XCSwiftPackageProductDependency;
			package = 1DD34B322ED1F553005608D0 /* XCRemoteSwiftPackageReference "supabase-swift" */;
			productName = Realtime;
		};
		1DD34B482ED1F9C0005608D0 /* Storage */ = {
			isa = XCSwiftPackageProductDependency;
			package = 1DD34B322ED1F553005608D0 /* XCRemoteSwiftPackageReference "supabase-swift" */;
			productName = Storage;
		};
		1E4B8A032F64000100AA0001 /* GoogleGenerativeAI */ = {
			isa = XCSwiftPackageProductDependency;
			package = 1E4B8A022F64000100AA0001 /* XCRemoteSwiftPackageReference "generative-ai-swift" */;
			productName = GoogleGenerativeAI;
		};
		2E0A00032F8A000100AA0001 /* GRDB */ = {
			isa = XCSwiftPackageProductDependency;
			package = 2E0A00022F8A000100AA0001 /* XCRemoteSwiftPackageReference "GRDB" */;
			productName = GRDB;
		};
		2F9C11032F70000100AA0001 /* MapLibre */ = {
			isa = XCSwiftPackageProductDependency;
			package = 2F9C11022F70000100AA0001 /* XCRemoteSwiftPackageReference "maplibre-native-distribution" */;
			productName = MapLibre;
		};
/* End XCSwiftPackageProductDependency section */
	};
	rootObject = 1DC4E65E2ECA0B6000FA93E7 /* Project object */;
}
